// !$*UTF8*$!
{
	archiveVersion = 1;
	classes = {
	};
	objectVersion = 56;
	objects = {

/* Begin PBXBuildFile section */
		F40A24B02B0BA00100D6BC7E /* Headway_TestApp.swift in Sources */ = {isa = PBXBuildFile; fileRef = F40A24AF2B0BA00100D6BC7E /* Headway_TestApp.swift */; };
		F40A24B22B0BA00100D6BC7E /* MainView.swift in Sources */ = {isa = PBXBuildFile; fileRef = F40A24B12B0BA00100D6BC7E /* MainView.swift */; };
		F40A24B42B0BA00300D6BC7E /* Assets.xcassets in Resources */ = {isa = PBXBuildFile; fileRef = F40A24B32B0BA00300D6BC7E /* Assets.xcassets */; };
		F40A24B72B0BA00300D6BC7E /* Preview Assets.xcassets in Resources */ = {isa = PBXBuildFile; fileRef = F40A24B62B0BA00300D6BC7E /* Preview Assets.xcassets */; };
		F40A24BF2B0BA10E00D6BC7E /* ComposableArchitecture in Frameworks */ = {isa = PBXBuildFile; productRef = F40A24BE2B0BA10E00D6BC7E /* ComposableArchitecture */; };
		F40A24C12B0BA5C400D6BC7E /* Constants.swift in Sources */ = {isa = PBXBuildFile; fileRef = F40A24C02B0BA5C400D6BC7E /* Constants.swift */; };
		F40A24C52B0BC1E900D6BC7E /* PlayerProgressBar.swift in Sources */ = {isa = PBXBuildFile; fileRef = F40A24C42B0BC1E900D6BC7E /* PlayerProgressBar.swift */; };
		F40A24CC2B0BFF4C00D6BC7E /* Book.swift in Sources */ = {isa = PBXBuildFile; fileRef = F40A24CB2B0BFF4C00D6BC7E /* Book.swift */; };
		F40A24CE2B0CA1F600D6BC7E /* PageSwitch.swift in Sources */ = {isa = PBXBuildFile; fileRef = F40A24CD2B0CA1F600D6BC7E /* PageSwitch.swift */; };
		F4269C482B0D345200ABC228 /* SampleData.swift in Sources */ = {isa = PBXBuildFile; fileRef = F4269C472B0D345200ABC228 /* SampleData.swift */; };
		F4269C4E2B0D345F00ABC228 /* audio_4.mp3 in Resources */ = {isa = PBXBuildFile; fileRef = F4269C492B0D345F00ABC228 /* audio_4.mp3 */; };
		F4269C4F2B0D345F00ABC228 /* audio_1.mp3 in Resources */ = {isa = PBXBuildFile; fileRef = F4269C4A2B0D345F00ABC228 /* audio_1.mp3 */; };
		F4269C502B0D345F00ABC228 /* audio_5.mp3 in Resources */ = {isa = PBXBuildFile; fileRef = F4269C4B2B0D345F00ABC228 /* audio_5.mp3 */; };
		F4269C512B0D345F00ABC228 /* audio_3.mp3 in Resources */ = {isa = PBXBuildFile; fileRef = F4269C4C2B0D345F00ABC228 /* audio_3.mp3 */; };
		F4269C522B0D345F00ABC228 /* audio_2.mp3 in Resources */ = {isa = PBXBuildFile; fileRef = F4269C4D2B0D345F00ABC228 /* audio_2.mp3 */; };
		F4269C542B0D353700ABC228 /* AudioPlayerClient.swift in Sources */ = {isa = PBXBuildFile; fileRef = F4269C532B0D353700ABC228 /* AudioPlayerClient.swift */; };
		F4269C562B0D369500ABC228 /* AudioPlayerClientLive.swift in Sources */ = {isa = PBXBuildFile; fileRef = F4269C552B0D369500ABC228 /* AudioPlayerClientLive.swift */; };
		F4269C592B0DD7A600ABC228 /* FeedbackGeneratorClient.swift in Sources */ = {isa = PBXBuildFile; fileRef = F4269C582B0DD7A600ABC228 /* FeedbackGeneratorClient.swift */; };
		F4269C5B2B0DD7F700ABC228 /* FeedbackGeneratorClientLive.swift in Sources */ = {isa = PBXBuildFile; fileRef = F4269C5A2B0DD7F700ABC228 /* FeedbackGeneratorClientLive.swift */; };
		F4269C632B0DEF7800ABC228 /* Headway_TestTests.swift in Sources */ = {isa = PBXBuildFile; fileRef = F4269C622B0DEF7800ABC228 /* Headway_TestTests.swift */; };
		F4269C702B0F2EAF00ABC228 /* ChapterRepositoryClient.swift in Sources */ = {isa = PBXBuildFile; fileRef = F4269C6F2B0F2EAF00ABC228 /* ChapterRepositoryClient.swift */; };
		F4269C722B0F2EDF00ABC228 /* ChapterRepositoryClientLive.swift in Sources */ = {isa = PBXBuildFile; fileRef = F4269C712B0F2EDF00ABC228 /* ChapterRepositoryClientLive.swift */; };
		F4269C762B0FBD0B00ABC228 /* IsLastElement.swift in Sources */ = {isa = PBXBuildFile; fileRef = F4269C752B0FBD0B00ABC228 /* IsLastElement.swift */; };
		F4269C782B1091FA00ABC228 /* ChapterRow.swift in Sources */ = {isa = PBXBuildFile; fileRef = F4269C772B1091FA00ABC228 /* ChapterRow.swift */; };
		F4269C7A2B1092F600ABC228 /* TrackTimeFormatter.swift in Sources */ = {isa = PBXBuildFile; fileRef = F4269C792B1092F600ABC228 /* TrackTimeFormatter.swift */; };
		F4269C7D2B10990200ABC228 /* DateFormatterClient.swift in Sources */ = {isa = PBXBuildFile; fileRef = F4269C7C2B10990200ABC228 /* DateFormatterClient.swift */; };
		F4269C7F2B10993A00ABC228 /* DateFormatterClientLive.swift in Sources */ = {isa = PBXBuildFile; fileRef = F4269C7E2B10993A00ABC228 /* DateFormatterClientLive.swift */; };
		F4269C812B109B4300ABC228 /* PlayerButoon.swift in Sources */ = {isa = PBXBuildFile; fileRef = F4269C802B109B4300ABC228 /* PlayerButoon.swift */; };
		F4269C832B109BAB00ABC228 /* BookCover.swift in Sources */ = {isa = PBXBuildFile; fileRef = F4269C822B109BAB00ABC228 /* BookCover.swift */; };
		F4269C852B109CD300ABC228 /* TrackDescription.swift in Sources */ = {isa = PBXBuildFile; fileRef = F4269C842B109CD300ABC228 /* TrackDescription.swift */; };
/* End PBXBuildFile section */

/* Begin PBXContainerItemProxy section */
		F4269C642B0DEF7800ABC228 /* PBXContainerItemProxy */ = {
			isa = PBXContainerItemProxy;
			containerPortal = F40A24A42B0BA00100D6BC7E /* Project object */;
			proxyType = 1;
			remoteGlobalIDString = F40A24AB2B0BA00100D6BC7E;
			remoteInfo = Headway_Test;
		};
/* End PBXContainerItemProxy section */

/* Begin PBXFileReference section */
		F40A24AC2B0BA00100D6BC7E /* Headway_Test.app */ = {isa = PBXFileReference; explicitFileType = wrapper.application; includeInIndex = 0; path = Headway_Test.app; sourceTree = BUILT_PRODUCTS_DIR; };
		F40A24AF2B0BA00100D6BC7E /* Headway_TestApp.swift */ = {isa = PBXFileReference; lastKnownFileType = sourcecode.swift; path = Headway_TestApp.swift; sourceTree = "<group>"; };
		F40A24B12B0BA00100D6BC7E /* MainView.swift */ = {isa = PBXFileReference; lastKnownFileType = sourcecode.swift; path = MainView.swift; sourceTree = "<group>"; };
		F40A24B32B0BA00300D6BC7E /* Assets.xcassets */ = {isa = PBXFileReference; lastKnownFileType = folder.assetcatalog; path = Assets.xcassets; sourceTree = "<group>"; };
		F40A24B62B0BA00300D6BC7E /* Preview Assets.xcassets */ = {isa = PBXFileReference; lastKnownFileType = folder.assetcatalog; path = "Preview Assets.xcassets"; sourceTree = "<group>"; };
		F40A24C02B0BA5C400D6BC7E /* Constants.swift */ = {isa = PBXFileReference; lastKnownFileType = sourcecode.swift; path = Constants.swift; sourceTree = "<group>"; };
		F40A24C42B0BC1E900D6BC7E /* PlayerProgressBar.swift */ = {isa = PBXFileReference; lastKnownFileType = sourcecode.swift; path = PlayerProgressBar.swift; sourceTree = "<group>"; };
		F40A24CB2B0BFF4C00D6BC7E /* Book.swift */ = {isa = PBXFileReference; lastKnownFileType = sourcecode.swift; path = Book.swift; sourceTree = "<group>"; };
		F40A24CD2B0CA1F600D6BC7E /* PageSwitch.swift */ = {isa = PBXFileReference; lastKnownFileType = sourcecode.swift; path = PageSwitch.swift; sourceTree = "<group>"; };
		F4269C472B0D345200ABC228 /* SampleData.swift */ = {isa = PBXFileReference; lastKnownFileType = sourcecode.swift; path = SampleData.swift; sourceTree = "<group>"; };
		F4269C492B0D345F00ABC228 /* audio_4.mp3 */ = {isa = PBXFileReference; lastKnownFileType = audio.mp3; path = audio_4.mp3; sourceTree = "<group>"; };
		F4269C4A2B0D345F00ABC228 /* audio_1.mp3 */ = {isa = PBXFileReference; lastKnownFileType = audio.mp3; path = audio_1.mp3; sourceTree = "<group>"; };
		F4269C4B2B0D345F00ABC228 /* audio_5.mp3 */ = {isa = PBXFileReference; lastKnownFileType = audio.mp3; path = audio_5.mp3; sourceTree = "<group>"; };
		F4269C4C2B0D345F00ABC228 /* audio_3.mp3 */ = {isa = PBXFileReference; lastKnownFileType = audio.mp3; path = audio_3.mp3; sourceTree = "<group>"; };
		F4269C4D2B0D345F00ABC228 /* audio_2.mp3 */ = {isa = PBXFileReference; lastKnownFileType = audio.mp3; path = audio_2.mp3; sourceTree = "<group>"; };
		F4269C532B0D353700ABC228 /* AudioPlayerClient.swift */ = {isa = PBXFileReference; lastKnownFileType = sourcecode.swift; path = AudioPlayerClient.swift; sourceTree = "<group>"; };
		F4269C552B0D369500ABC228 /* AudioPlayerClientLive.swift */ = {isa = PBXFileReference; lastKnownFileType = sourcecode.swift; path = AudioPlayerClientLive.swift; sourceTree = "<group>"; };
		F4269C582B0DD7A600ABC228 /* FeedbackGeneratorClient.swift */ = {isa = PBXFileReference; lastKnownFileType = sourcecode.swift; path = FeedbackGeneratorClient.swift; sourceTree = "<group>"; };
		F4269C5A2B0DD7F700ABC228 /* FeedbackGeneratorClientLive.swift */ = {isa = PBXFileReference; lastKnownFileType = sourcecode.swift; path = FeedbackGeneratorClientLive.swift; sourceTree = "<group>"; };
		F4269C602B0DEF7800ABC228 /* Headway_TestTests.xctest */ = {isa = PBXFileReference; explicitFileType = wrapper.cfbundle; includeInIndex = 0; path = Headway_TestTests.xctest; sourceTree = BUILT_PRODUCTS_DIR; };
		F4269C622B0DEF7800ABC228 /* Headway_TestTests.swift */ = {isa = PBXFileReference; lastKnownFileType = sourcecode.swift; path = Headway_TestTests.swift; sourceTree = "<group>"; };
		F4269C6F2B0F2EAF00ABC228 /* ChapterRepositoryClient.swift */ = {isa = PBXFileReference; lastKnownFileType = sourcecode.swift; path = ChapterRepositoryClient.swift; sourceTree = "<group>"; };
		F4269C712B0F2EDF00ABC228 /* ChapterRepositoryClientLive.swift */ = {isa = PBXFileReference; lastKnownFileType = sourcecode.swift; path = ChapterRepositoryClientLive.swift; sourceTree = "<group>"; };
		F4269C752B0FBD0B00ABC228 /* IsLastElement.swift */ = {isa = PBXFileReference; lastKnownFileType = sourcecode.swift; path = IsLastElement.swift; sourceTree = "<group>"; };
		F4269C772B1091FA00ABC228 /* ChapterRow.swift */ = {isa = PBXFileReference; lastKnownFileType = sourcecode.swift; path = ChapterRow.swift; sourceTree = "<group>"; };
		F4269C792B1092F600ABC228 /* TrackTimeFormatter.swift */ = {isa = PBXFileReference; lastKnownFileType = sourcecode.swift; path = TrackTimeFormatter.swift; sourceTree = "<group>"; };
		F4269C7C2B10990200ABC228 /* DateFormatterClient.swift */ = {isa = PBXFileReference; lastKnownFileType = sourcecode.swift; path = DateFormatterClient.swift; sourceTree = "<group>"; };
		F4269C7E2B10993A00ABC228 /* DateFormatterClientLive.swift */ = {isa = PBXFileReference; lastKnownFileType = sourcecode.swift; path = DateFormatterClientLive.swift; sourceTree = "<group>"; };
		F4269C802B109B4300ABC228 /* PlayerButoon.swift */ = {isa = PBXFileReference; lastKnownFileType = sourcecode.swift; path = PlayerButoon.swift; sourceTree = "<group>"; };
		F4269C822B109BAB00ABC228 /* BookCover.swift */ = {isa = PBXFileReference; lastKnownFileType = sourcecode.swift; path = BookCover.swift; sourceTree = "<group>"; };
		F4269C842B109CD300ABC228 /* TrackDescription.swift */ = {isa = PBXFileReference; lastKnownFileType = sourcecode.swift; path = TrackDescription.swift; sourceTree = "<group>"; };
/* End PBXFileReference section */

/* Begin PBXFrameworksBuildPhase section */
		F40A24A92B0BA00100D6BC7E /* Frameworks */ = {
			isa = PBXFrameworksBuildPhase;
			buildActionMask = 2147483647;
			files = (
				F40A24BF2B0BA10E00D6BC7E /* ComposableArchitecture in Frameworks */,
			);
			runOnlyForDeploymentPostprocessing = 0;
		};
		F4269C5D2B0DEF7800ABC228 /* Frameworks */ = {
			isa = PBXFrameworksBuildPhase;
			buildActionMask = 2147483647;
			files = (
			);
			runOnlyForDeploymentPostprocessing = 0;
		};
/* End PBXFrameworksBuildPhase section */

/* Begin PBXGroup section */
		F40A24A32B0BA00100D6BC7E = {
			isa = PBXGroup;
			children = (
				F40A24AE2B0BA00100D6BC7E /* Headway_Test */,
				F4269C612B0DEF7800ABC228 /* Headway_TestTests */,
				F40A24AD2B0BA00100D6BC7E /* Products */,
			);
			sourceTree = "<group>";
		};
		F40A24AD2B0BA00100D6BC7E /* Products */ = {
			isa = PBXGroup;
			children = (
				F40A24AC2B0BA00100D6BC7E /* Headway_Test.app */,
				F4269C602B0DEF7800ABC228 /* Headway_TestTests.xctest */,
			);
			name = Products;
			sourceTree = "<group>";
		};
		F40A24AE2B0BA00100D6BC7E /* Headway_Test */ = {
			isa = PBXGroup;
			children = (
				F4269C7B2B1098E100ABC228 /* DateFormatterClient */,
				F4269C6E2B0F2E8D00ABC228 /* ChapterRepositoryClient */,
				F4269C572B0DD79000ABC228 /* FeedbackGeneratorClient */,
				F4269C462B0D339500ABC228 /* SampleData */,
				F4269C442B0CE95800ABC228 /* PlayerClient */,
				F40A24CA2B0BFF3E00D6BC7E /* Models */,
				F40A24C32B0BC1DD00D6BC7E /* Views */,
				F40A24C22B0BA5D800D6BC7E /* Extensions */,
				F40A24AF2B0BA00100D6BC7E /* Headway_TestApp.swift */,
				F40A24B12B0BA00100D6BC7E /* MainView.swift */,
				F40A24B32B0BA00300D6BC7E /* Assets.xcassets */,
				F40A24B52B0BA00300D6BC7E /* Preview Content */,
			);
			path = Headway_Test;
			sourceTree = "<group>";
		};
		F40A24B52B0BA00300D6BC7E /* Preview Content */ = {
			isa = PBXGroup;
			children = (
				F40A24B62B0BA00300D6BC7E /* Preview Assets.xcassets */,
			);
			path = "Preview Content";
			sourceTree = "<group>";
		};
		F40A24C22B0BA5D800D6BC7E /* Extensions */ = {
			isa = PBXGroup;
			children = (
				F40A24C02B0BA5C400D6BC7E /* Constants.swift */,
				F4269C752B0FBD0B00ABC228 /* IsLastElement.swift */,
				F4269C792B1092F600ABC228 /* TrackTimeFormatter.swift */,
			);
			path = Extensions;
			sourceTree = "<group>";
		};
		F40A24C32B0BC1DD00D6BC7E /* Views */ = {
			isa = PBXGroup;
			children = (
				F40A24C42B0BC1E900D6BC7E /* PlayerProgressBar.swift */,
				F40A24CD2B0CA1F600D6BC7E /* PageSwitch.swift */,
				F4269C772B1091FA00ABC228 /* ChapterRow.swift */,
				F4269C802B109B4300ABC228 /* PlayerButoon.swift */,
				F4269C822B109BAB00ABC228 /* BookCover.swift */,
				F4269C842B109CD300ABC228 /* TrackDescription.swift */,
			);
			path = Views;
			sourceTree = "<group>";
		};
		F40A24CA2B0BFF3E00D6BC7E /* Models */ = {
			isa = PBXGroup;
			children = (
				F40A24CB2B0BFF4C00D6BC7E /* Book.swift */,
			);
			path = Models;
			sourceTree = "<group>";
		};
		F4269C442B0CE95800ABC228 /* PlayerClient */ = {
			isa = PBXGroup;
			children = (
				F4269C532B0D353700ABC228 /* AudioPlayerClient.swift */,
				F4269C552B0D369500ABC228 /* AudioPlayerClientLive.swift */,
			);
			path = PlayerClient;
			sourceTree = "<group>";
		};
		F4269C462B0D339500ABC228 /* SampleData */ = {
			isa = PBXGroup;
			children = (
				F4269C472B0D345200ABC228 /* SampleData.swift */,
				F4269C4A2B0D345F00ABC228 /* audio_1.mp3 */,
				F4269C4D2B0D345F00ABC228 /* audio_2.mp3 */,
				F4269C4C2B0D345F00ABC228 /* audio_3.mp3 */,
				F4269C492B0D345F00ABC228 /* audio_4.mp3 */,
				F4269C4B2B0D345F00ABC228 /* audio_5.mp3 */,
			);
			path = SampleData;
			sourceTree = "<group>";
		};
		F4269C572B0DD79000ABC228 /* FeedbackGeneratorClient */ = {
			isa = PBXGroup;
			children = (
				F4269C582B0DD7A600ABC228 /* FeedbackGeneratorClient.swift */,
				F4269C5A2B0DD7F700ABC228 /* FeedbackGeneratorClientLive.swift */,
			);
			path = FeedbackGeneratorClient;
			sourceTree = "<group>";
		};
		F4269C612B0DEF7800ABC228 /* Headway_TestTests */ = {
			isa = PBXGroup;
			children = (
				F4269C622B0DEF7800ABC228 /* Headway_TestTests.swift */,
			);
			path = Headway_TestTests;
			sourceTree = "<group>";
		};
		F4269C6E2B0F2E8D00ABC228 /* ChapterRepositoryClient */ = {
			isa = PBXGroup;
			children = (
				F4269C6F2B0F2EAF00ABC228 /* ChapterRepositoryClient.swift */,
				F4269C712B0F2EDF00ABC228 /* ChapterRepositoryClientLive.swift */,
			);
			path = ChapterRepositoryClient;
			sourceTree = "<group>";
		};
		F4269C7B2B1098E100ABC228 /* DateFormatterClient */ = {
			isa = PBXGroup;
			children = (
				F4269C7C2B10990200ABC228 /* DateFormatterClient.swift */,
				F4269C7E2B10993A00ABC228 /* DateFormatterClientLive.swift */,
			);
			path = DateFormatterClient;
			sourceTree = "<group>";
		};
/* End PBXGroup section */

/* Begin PBXNativeTarget section */
		F40A24AB2B0BA00100D6BC7E /* Headway_Test */ = {
			isa = PBXNativeTarget;
			buildConfigurationList = F40A24BA2B0BA00300D6BC7E /* Build configuration list for PBXNativeTarget "Headway_Test" */;
			buildPhases = (
				F40A24A82B0BA00100D6BC7E /* Sources */,
				F40A24A92B0BA00100D6BC7E /* Frameworks */,
				F40A24AA2B0BA00100D6BC7E /* Resources */,
			);
			buildRules = (
			);
			dependencies = (
			);
			name = Headway_Test;
			packageProductDependencies = (
				F40A24BE2B0BA10E00D6BC7E /* ComposableArchitecture */,
			);
			productName = Headway_Test;
			productReference = F40A24AC2B0BA00100D6BC7E /* Headway_Test.app */;
			productType = "com.apple.product-type.application";
		};
		F4269C5F2B0DEF7800ABC228 /* Headway_TestTests */ = {
			isa = PBXNativeTarget;
			buildConfigurationList = F4269C662B0DEF7800ABC228 /* Build configuration list for PBXNativeTarget "Headway_TestTests" */;
			buildPhases = (
				F4269C5C2B0DEF7800ABC228 /* Sources */,
				F4269C5D2B0DEF7800ABC228 /* Frameworks */,
				F4269C5E2B0DEF7800ABC228 /* Resources */,
			);
			buildRules = (
			);
			dependencies = (
				F4269C652B0DEF7800ABC228 /* PBXTargetDependency */,
			);
			name = Headway_TestTests;
			productName = Headway_TestTests;
			productReference = F4269C602B0DEF7800ABC228 /* Headway_TestTests.xctest */;
			productType = "com.apple.product-type.bundle.unit-test";
		};
/* End PBXNativeTarget section */

/* Begin PBXProject section */
		F40A24A42B0BA00100D6BC7E /* Project object */ = {
			isa = PBXProject;
			attributes = {
				BuildIndependentTargetsInParallel = 1;
				LastSwiftUpdateCheck = 1500;
				LastUpgradeCheck = 1500;
				TargetAttributes = {
					F40A24AB2B0BA00100D6BC7E = {
						CreatedOnToolsVersion = 15.0.1;
					};
					F4269C5F2B0DEF7800ABC228 = {
						CreatedOnToolsVersion = 15.0.1;
						TestTargetID = F40A24AB2B0BA00100D6BC7E;
					};
				};
			};
			buildConfigurationList = F40A24A72B0BA00100D6BC7E /* Build configuration list for PBXProject "Headway_Test" */;
			compatibilityVersion = "Xcode 14.0";
			developmentRegion = en;
			hasScannedForEncodings = 0;
			knownRegions = (
				en,
				Base,
			);
			mainGroup = F40A24A32B0BA00100D6BC7E;
			packageReferences = (
				F40A24BD2B0BA10E00D6BC7E /* XCRemoteSwiftPackageReference "swift-composable-architecture" */,
			);
			productRefGroup = F40A24AD2B0BA00100D6BC7E /* Products */;
			projectDirPath = "";
			projectRoot = "";
			targets = (
				F40A24AB2B0BA00100D6BC7E /* Headway_Test */,
				F4269C5F2B0DEF7800ABC228 /* Headway_TestTests */,
			);
		};
/* End PBXProject section */

/* Begin PBXResourcesBuildPhase section */
		F40A24AA2B0BA00100D6BC7E /* Resources */ = {
			isa = PBXResourcesBuildPhase;
			buildActionMask = 2147483647;
			files = (
				F40A24B72B0BA00300D6BC7E /* Preview Assets.xcassets in Resources */,
				F4269C4E2B0D345F00ABC228 /* audio_4.mp3 in Resources */,
				F4269C512B0D345F00ABC228 /* audio_3.mp3 in Resources */,
				F40A24B42B0BA00300D6BC7E /* Assets.xcassets in Resources */,
				F4269C4F2B0D345F00ABC228 /* audio_1.mp3 in Resources */,
				F4269C522B0D345F00ABC228 /* audio_2.mp3 in Resources */,
				F4269C502B0D345F00ABC228 /* audio_5.mp3 in Resources */,
			);
			runOnlyForDeploymentPostprocessing = 0;
		};
		F4269C5E2B0DEF7800ABC228 /* Resources */ = {
			isa = PBXResourcesBuildPhase;
			buildActionMask = 2147483647;
			files = (
			);
			runOnlyForDeploymentPostprocessing = 0;
		};
/* End PBXResourcesBuildPhase section */

/* Begin PBXSourcesBuildPhase section */
		F40A24A82B0BA00100D6BC7E /* Sources */ = {
			isa = PBXSourcesBuildPhase;
			buildActionMask = 2147483647;
			files = (
				F4269C832B109BAB00ABC228 /* BookCover.swift in Sources */,
				F4269C852B109CD300ABC228 /* TrackDescription.swift in Sources */,
				F4269C782B1091FA00ABC228 /* ChapterRow.swift in Sources */,
				F40A24C52B0BC1E900D6BC7E /* PlayerProgressBar.swift in Sources */,
				F40A24B22B0BA00100D6BC7E /* MainView.swift in Sources */,
				F4269C7F2B10993A00ABC228 /* DateFormatterClientLive.swift in Sources */,
				F4269C762B0FBD0B00ABC228 /* IsLastElement.swift in Sources */,
				F4269C7D2B10990200ABC228 /* DateFormatterClient.swift in Sources */,
				F4269C702B0F2EAF00ABC228 /* ChapterRepositoryClient.swift in Sources */,
				F4269C542B0D353700ABC228 /* AudioPlayerClient.swift in Sources */,
				F40A24B02B0BA00100D6BC7E /* Headway_TestApp.swift in Sources */,
				F4269C812B109B4300ABC228 /* PlayerButoon.swift in Sources */,
				F4269C722B0F2EDF00ABC228 /* ChapterRepositoryClientLive.swift in Sources */,
				F4269C562B0D369500ABC228 /* AudioPlayerClientLive.swift in Sources */,
				F4269C5B2B0DD7F700ABC228 /* FeedbackGeneratorClientLive.swift in Sources */,
				F40A24CC2B0BFF4C00D6BC7E /* Book.swift in Sources */,
				F4269C7A2B1092F600ABC228 /* TrackTimeFormatter.swift in Sources */,
				F4269C592B0DD7A600ABC228 /* FeedbackGeneratorClient.swift in Sources */,
				F40A24CE2B0CA1F600D6BC7E /* PageSwitch.swift in Sources */,
				F40A24C12B0BA5C400D6BC7E /* Constants.swift in Sources */,
				F4269C482B0D345200ABC228 /* SampleData.swift in Sources */,
			);
			runOnlyForDeploymentPostprocessing = 0;
		};
		F4269C5C2B0DEF7800ABC228 /* Sources */ = {
			isa = PBXSourcesBuildPhase;
			buildActionMask = 2147483647;
			files = (
				F4269C632B0DEF7800ABC228 /* Headway_TestTests.swift in Sources */,
			);
			runOnlyForDeploymentPostprocessing = 0;
		};
/* End PBXSourcesBuildPhase section */

/* Begin PBXTargetDependency section */
		F4269C652B0DEF7800ABC228 /* PBXTargetDependency */ = {
			isa = PBXTargetDependency;
			target = F40A24AB2B0BA00100D6BC7E /* Headway_Test */;
			targetProxy = F4269C642B0DEF7800ABC228 /* PBXContainerItemProxy */;
		};
/* End PBXTargetDependency section */

/* Begin XCBuildConfiguration section */
		F40A24B82B0BA00300D6BC7E /* Debug */ = {
			isa = XCBuildConfiguration;
			buildSettings = {
				ALWAYS_SEARCH_USER_PATHS = NO;
				ASSETCATALOG_COMPILER_GENERATE_SWIFT_ASSET_SYMBOL_EXTENSIONS = YES;
				CLANG_ANALYZER_NONNULL = YES;
				CLANG_ANALYZER_NUMBER_OBJECT_CONVERSION = YES_AGGRESSIVE;
				CLANG_CXX_LANGUAGE_STANDARD = "gnu++20";
				CLANG_ENABLE_MODULES = YES;
				CLANG_ENABLE_OBJC_ARC = YES;
				CLANG_ENABLE_OBJC_WEAK = YES;
				CLANG_WARN_BLOCK_CAPTURE_AUTORELEASING = YES;
				CLANG_WARN_BOOL_CONVERSION = YES;
				CLANG_WARN_COMMA = YES;
				CLANG_WARN_CONSTANT_CONVERSION = YES;
				CLANG_WARN_DEPRECATED_OBJC_IMPLEMENTATIONS = YES;
				CLANG_WARN_DIRECT_OBJC_ISA_USAGE = YES_ERROR;
				CLANG_WARN_DOCUMENTATION_COMMENTS = YES;
				CLANG_WARN_EMPTY_BODY = YES;
				CLANG_WARN_ENUM_CONVERSION = YES;
				CLANG_WARN_INFINITE_RECURSION = YES;
				CLANG_WARN_INT_CONVERSION = YES;
				CLANG_WARN_NON_LITERAL_NULL_CONVERSION = YES;
				CLANG_WARN_OBJC_IMPLICIT_RETAIN_SELF = YES;
				CLANG_WARN_OBJC_LITERAL_CONVERSION = YES;
				CLANG_WARN_OBJC_ROOT_CLASS = YES_ERROR;
				CLANG_WARN_QUOTED_INCLUDE_IN_FRAMEWORK_HEADER = YES;
				CLANG_WARN_RANGE_LOOP_ANALYSIS = YES;
				CLANG_WARN_STRICT_PROTOTYPES = YES;
				CLANG_WARN_SUSPICIOUS_MOVE = YES;
				CLANG_WARN_UNGUARDED_AVAILABILITY = YES_AGGRESSIVE;
				CLANG_WARN_UNREACHABLE_CODE = YES;
				CLANG_WARN__DUPLICATE_METHOD_MATCH = YES;
				COPY_PHASE_STRIP = NO;
				DEBUG_INFORMATION_FORMAT = dwarf;
				ENABLE_STRICT_OBJC_MSGSEND = YES;
				ENABLE_TESTABILITY = YES;
				ENABLE_USER_SCRIPT_SANDBOXING = YES;
				GCC_C_LANGUAGE_STANDARD = gnu17;
				GCC_DYNAMIC_NO_PIC = NO;
				GCC_NO_COMMON_BLOCKS = YES;
				GCC_OPTIMIZATION_LEVEL = 0;
				GCC_PREPROCESSOR_DEFINITIONS = (
					"DEBUG=1",
					"$(inherited)",
				);
				GCC_WARN_64_TO_32_BIT_CONVERSION = YES;
				GCC_WARN_ABOUT_RETURN_TYPE = YES_ERROR;
				GCC_WARN_UNDECLARED_SELECTOR = YES;
				GCC_WARN_UNINITIALIZED_AUTOS = YES_AGGRESSIVE;
				GCC_WARN_UNUSED_FUNCTION = YES;
				GCC_WARN_UNUSED_VARIABLE = YES;
				IPHONEOS_DEPLOYMENT_TARGET = 15.0;
				LOCALIZATION_PREFERS_STRING_CATALOGS = YES;
				MTL_ENABLE_DEBUG_INFO = INCLUDE_SOURCE;
				MTL_FAST_MATH = YES;
				ONLY_ACTIVE_ARCH = YES;
				SDKROOT = iphoneos;
				SWIFT_ACTIVE_COMPILATION_CONDITIONS = "DEBUG $(inherited)";
				SWIFT_OPTIMIZATION_LEVEL = "-Onone";
			};
			name = Debug;
		};
		F40A24B92B0BA00300D6BC7E /* Release */ = {
			isa = XCBuildConfiguration;
			buildSettings = {
				ALWAYS_SEARCH_USER_PATHS = NO;
				ASSETCATALOG_COMPILER_GENERATE_SWIFT_ASSET_SYMBOL_EXTENSIONS = YES;
				CLANG_ANALYZER_NONNULL = YES;
				CLANG_ANALYZER_NUMBER_OBJECT_CONVERSION = YES_AGGRESSIVE;
				CLANG_CXX_LANGUAGE_STANDARD = "gnu++20";
				CLANG_ENABLE_MODULES = YES;
				CLANG_ENABLE_OBJC_ARC = YES;
				CLANG_ENABLE_OBJC_WEAK = YES;
				CLANG_WARN_BLOCK_CAPTURE_AUTORELEASING = YES;
				CLANG_WARN_BOOL_CONVERSION = YES;
				CLANG_WARN_COMMA = YES;
				CLANG_WARN_CONSTANT_CONVERSION = YES;
				CLANG_WARN_DEPRECATED_OBJC_IMPLEMENTATIONS = YES;
				CLANG_WARN_DIRECT_OBJC_ISA_USAGE = YES_ERROR;
				CLANG_WARN_DOCUMENTATION_COMMENTS = YES;
				CLANG_WARN_EMPTY_BODY = YES;
				CLANG_WARN_ENUM_CONVERSION = YES;
				CLANG_WARN_INFINITE_RECURSION = YES;
				CLANG_WARN_INT_CONVERSION = YES;
				CLANG_WARN_NON_LITERAL_NULL_CONVERSION = YES;
				CLANG_WARN_OBJC_IMPLICIT_RETAIN_SELF = YES;
				CLANG_WARN_OBJC_LITERAL_CONVERSION = YES;
				CLANG_WARN_OBJC_ROOT_CLASS = YES_ERROR;
				CLANG_WARN_QUOTED_INCLUDE_IN_FRAMEWORK_HEADER = YES;
				CLANG_WARN_RANGE_LOOP_ANALYSIS = YES;
				CLANG_WARN_STRICT_PROTOTYPES = YES;
				CLANG_WARN_SUSPICIOUS_MOVE = YES;
				CLANG_WARN_UNGUARDED_AVAILABILITY = YES_AGGRESSIVE;
				CLANG_WARN_UNREACHABLE_CODE = YES;
				CLANG_WARN__DUPLICATE_METHOD_MATCH = YES;
				COPY_PHASE_STRIP = NO;
				DEBUG_INFORMATION_FORMAT = "dwarf-with-dsym";
				ENABLE_NS_ASSERTIONS = NO;
				ENABLE_STRICT_OBJC_MSGSEND = YES;
				ENABLE_USER_SCRIPT_SANDBOXING = YES;
				GCC_C_LANGUAGE_STANDARD = gnu17;
				GCC_NO_COMMON_BLOCKS = YES;
				GCC_WARN_64_TO_32_BIT_CONVERSION = YES;
				GCC_WARN_ABOUT_RETURN_TYPE = YES_ERROR;
				GCC_WARN_UNDECLARED_SELECTOR = YES;
				GCC_WARN_UNINITIALIZED_AUTOS = YES_AGGRESSIVE;
				GCC_WARN_UNUSED_FUNCTION = YES;
				GCC_WARN_UNUSED_VARIABLE = YES;
				IPHONEOS_DEPLOYMENT_TARGET = 15.0;
				LOCALIZATION_PREFERS_STRING_CATALOGS = YES;
				MTL_ENABLE_DEBUG_INFO = NO;
				MTL_FAST_MATH = YES;
				SDKROOT = iphoneos;
				SWIFT_COMPILATION_MODE = wholemodule;
				VALIDATE_PRODUCT = YES;
			};
			name = Release;
		};
		F40A24BB2B0BA00300D6BC7E /* Debug */ = {
			isa = XCBuildConfiguration;
			buildSettings = {
				ASSETCATALOG_COMPILER_APPICON_NAME = AppIcon;
				ASSETCATALOG_COMPILER_GLOBAL_ACCENT_COLOR_NAME = AccentColor;
				CODE_SIGN_STYLE = Automatic;
				CURRENT_PROJECT_VERSION = 1;
				DEVELOPMENT_ASSET_PATHS = "\"Headway_Test/Preview Content\"";
				DEVELOPMENT_TEAM = 255ADFRT4W;
				ENABLE_PREVIEWS = YES;
				GENERATE_INFOPLIST_FILE = YES;
				INFOPLIST_KEY_UIApplicationSceneManifest_Generation = YES;
				INFOPLIST_KEY_UIApplicationSupportsIndirectInputEvents = YES;
				INFOPLIST_KEY_UILaunchScreen_Generation = YES;
				INFOPLIST_KEY_UISupportedInterfaceOrientations = UIInterfaceOrientationPortrait;
				INFOPLIST_KEY_UISupportedInterfaceOrientations_iPad = "UIInterfaceOrientationPortrait UIInterfaceOrientationPortraitUpsideDown";
				INFOPLIST_KEY_UIUserInterfaceStyle = Light;
				IPHONEOS_DEPLOYMENT_TARGET = 15.0;
				LD_RUNPATH_SEARCH_PATHS = (
					"$(inherited)",
					"@executable_path/Frameworks",
				);
				MARKETING_VERSION = 1.0;
				PRODUCT_BUNDLE_IDENTIFIER = "dev.rkoval.Headway-Test";
				PRODUCT_NAME = "$(TARGET_NAME)";
				SWIFT_EMIT_LOC_STRINGS = YES;
				SWIFT_STRICT_CONCURRENCY = complete;
				SWIFT_VERSION = 5.0;
				TARGETED_DEVICE_FAMILY = "1,2";
			};
			name = Debug;
		};
		F40A24BC2B0BA00300D6BC7E /* Release */ = {
			isa = XCBuildConfiguration;
			buildSettings = {
				ASSETCATALOG_COMPILER_APPICON_NAME = AppIcon;
				ASSETCATALOG_COMPILER_GLOBAL_ACCENT_COLOR_NAME = AccentColor;
				CODE_SIGN_STYLE = Automatic;
				CURRENT_PROJECT_VERSION = 1;
				DEVELOPMENT_ASSET_PATHS = "\"Headway_Test/Preview Content\"";
				DEVELOPMENT_TEAM = 255ADFRT4W;
				ENABLE_PREVIEWS = YES;
				GENERATE_INFOPLIST_FILE = YES;
				INFOPLIST_KEY_UIApplicationSceneManifest_Generation = YES;
				INFOPLIST_KEY_UIApplicationSupportsIndirectInputEvents = YES;
				INFOPLIST_KEY_UILaunchScreen_Generation = YES;
				INFOPLIST_KEY_UISupportedInterfaceOrientations = UIInterfaceOrientationPortrait;
				INFOPLIST_KEY_UISupportedInterfaceOrientations_iPad = "UIInterfaceOrientationPortrait UIInterfaceOrientationPortraitUpsideDown";
				INFOPLIST_KEY_UIUserInterfaceStyle = Light;
				IPHONEOS_DEPLOYMENT_TARGET = 15.0;
				LD_RUNPATH_SEARCH_PATHS = (
					"$(inherited)",
					"@executable_path/Frameworks",
				);
				MARKETING_VERSION = 1.0;
				PRODUCT_BUNDLE_IDENTIFIER = "dev.rkoval.Headway-Test";
				PRODUCT_NAME = "$(TARGET_NAME)";
				SWIFT_EMIT_LOC_STRINGS = YES;
				SWIFT_STRICT_CONCURRENCY = complete;
				SWIFT_VERSION = 5.0;
				TARGETED_DEVICE_FAMILY = "1,2";
			};
			name = Release;
		};
		F4269C672B0DEF7800ABC228 /* Debug */ = {
			isa = XCBuildConfiguration;
			buildSettings = {
				BUNDLE_LOADER = "$(TEST_HOST)";
				CODE_SIGN_STYLE = Automatic;
				CURRENT_PROJECT_VERSION = 1;
				DEVELOPMENT_TEAM = 255ADFRT4W;
				GENERATE_INFOPLIST_FILE = YES;
				IPHONEOS_DEPLOYMENT_TARGET = 15.0;
				MARKETING_VERSION = 1.0;
				PRODUCT_BUNDLE_IDENTIFIER = "dev.rkoval.Headway-TestTests";
				PRODUCT_NAME = "$(TARGET_NAME)";
				SWIFT_EMIT_LOC_STRINGS = NO;
				SWIFT_VERSION = 5.0;
				TARGETED_DEVICE_FAMILY = "1,2";
				TEST_HOST = "$(BUILT_PRODUCTS_DIR)/Headway_Test.app/$(BUNDLE_EXECUTABLE_FOLDER_PATH)/Headway_Test";
			};
			name = Debug;
		};
		F4269C682B0DEF7800ABC228 /* Release */ = {
			isa = XCBuildConfiguration;
			buildSettings = {
				BUNDLE_LOADER = "$(TEST_HOST)";
				CODE_SIGN_STYLE = Automatic;
				CURRENT_PROJECT_VERSION = 1;
				DEVELOPMENT_TEAM = 255ADFRT4W;
				GENERATE_INFOPLIST_FILE = YES;
				IPHONEOS_DEPLOYMENT_TARGET = 15.0;
				MARKETING_VERSION = 1.0;
				PRODUCT_BUNDLE_IDENTIFIER = "dev.rkoval.Headway-TestTests";
				PRODUCT_NAME = "$(TARGET_NAME)";
				SWIFT_EMIT_LOC_STRINGS = NO;
				SWIFT_VERSION = 5.0;
				TARGETED_DEVICE_FAMILY = "1,2";
				TEST_HOST = "$(BUILT_PRODUCTS_DIR)/Headway_Test.app/$(BUNDLE_EXECUTABLE_FOLDER_PATH)/Headway_Test";
			};
			name = Release;
		};
/* End XCBuildConfiguration section */

/* Begin XCConfigurationList section */
		F40A24A72B0BA00100D6BC7E /* Build configuration list for PBXProject "Headway_Test" */ = {
			isa = XCConfigurationList;
			buildConfigurations = (
				F40A24B82B0BA00300D6BC7E /* Debug */,
				F40A24B92B0BA00300D6BC7E /* Release */,
			);
			defaultConfigurationIsVisible = 0;
			defaultConfigurationName = Release;
		};
		F40A24BA2B0BA00300D6BC7E /* Build configuration list for PBXNativeTarget "Headway_Test" */ = {
			isa = XCConfigurationList;
			buildConfigurations = (
				F40A24BB2B0BA00300D6BC7E /* Debug */,
				F40A24BC2B0BA00300D6BC7E /* Release */,
			);
			defaultConfigurationIsVisible = 0;
			defaultConfigurationName = Release;
		};
		F4269C662B0DEF7800ABC228 /* Build configuration list for PBXNativeTarget "Headway_TestTests" */ = {
			isa = XCConfigurationList;
			buildConfigurations = (
				F4269C672B0DEF7800ABC228 /* Debug */,
				F4269C682B0DEF7800ABC228 /* Release */,
			);
			defaultConfigurationIsVisible = 0;
			defaultConfigurationName = Release;
		};
/* End XCConfigurationList section */

/* Begin XCRemoteSwiftPackageReference section */
		F40A24BD2B0BA10E00D6BC7E /* XCRemoteSwiftPackageReference "swift-composable-architecture" */ = {
			isa = XCRemoteSwiftPackageReference;
			repositoryURL = "https://github.com/pointfreeco/swift-composable-architecture.git";
			requirement = {
				kind = upToNextMajorVersion;
				minimumVersion = 1.4.2;
			};
		};
/* End XCRemoteSwiftPackageReference section */

/* Begin XCSwiftPackageProductDependency section */
		F40A24BE2B0BA10E00D6BC7E /* ComposableArchitecture */ = {
			isa = XCSwiftPackageProductDependency;
			package = F40A24BD2B0BA10E00D6BC7E /* XCRemoteSwiftPackageReference "swift-composable-architecture" */;
			productName = ComposableArchitecture;
		};
/* End XCSwiftPackageProductDependency section */
	};
	rootObject = F40A24A42B0BA00100D6BC7E /* Project object */;
}
